
Microsoft Visual Studio Solution File, Format Version 12.00
# Visual Studio Version 17
VisualStudioVersion = 17.0.31903.59
MinimumVisualStudioVersion = 10.0.40219.1
Project("{2150E333-8FDC-42A3-9474-1A3956D46DE8}") = "c#", "c#", "{499D1E62-03D7-4D3F-8A5E-603C236D6A48}"
EndProject
Project("{2150E333-8FDC-42A3-9474-1A3956D46DE8}") = "BinarySearch", "BinarySearch", "{04C12305-660E-445A-92B0-501387A6383D}"
EndProject
Project("{FAE04EC0-301F-11D3-BF4B-00C04F79EFBC}") = "BinarySearch", "c#\BinarySearch\BinarySearch\BinarySearch.csproj", "{EF2AD5E8-7960-4C5C-9CB9-4BF440CF21CA}"
EndProject
Global
	GlobalSection(SolutionConfigurationPlatforms) = preSolution
		Debug|Any CPU = Debug|Any CPU
		Release|Any CPU = Release|Any CPU
	EndGlobalSection
	GlobalSection(SolutionProperties) = preSolution
		HideSolutionNode = FALSE
	EndGlobalSection
	GlobalSection(ProjectConfigurationPlatforms) = postSolution
		{EF2AD5E8-7960-4C5C-9CB9-4BF440CF21CA}.Debug|Any CPU.ActiveCfg = Debug|Any CPU
		{EF2AD5E8-7960-4C5C-9CB9-4BF440CF21CA}.Debug|Any CPU.Build.0 = Debug|Any CPU
		{EF2AD5E8-7960-4C5C-9CB9-4BF440CF21CA}.Release|Any CPU.ActiveCfg = Release|Any CPU
		{EF2AD5E8-7960-4C5C-9CB9-4BF440CF21CA}.Release|Any CPU.Build.0 = Release|Any CPU
	EndGlobalSection
	GlobalSection(NestedProjects) = preSolution
		{04C12305-660E-445A-92B0-501387A6383D} = {499D1E62-03D7-4D3F-8A5E-603C236D6A48}
		{EF2AD5E8-7960-4C5C-9CB9-4BF440CF21CA} = {04C12305-660E-445A-92B0-501387A6383D}
	EndGlobalSection
EndGlobal
